
Microsoft Visual Studio Solution File, Format Version 12.00
# Visual Studio Version 16
VisualStudioVersion = 16.0.29911.84
MinimumVisualStudioVersion = 10.0.40219.1
Project("{9A19103F-16F7-4668-BE54-9A1E7A4F7556}") = "ASCReader", "ASCReader.csproj", "{3C740C15-A473-4A2F-8D44-AE3065FA179D}"
EndProject
Project("{9A19103F-16F7-4668-BE54-9A1E7A4F7556}") = "ASCReaderMC", "..\ASCReaderMC\ASCReaderMC.csproj", "{36D6C43F-3823-414D-9AD8-5BAFA4874032}"
EndProject
Project("{9A19103F-16F7-4668-BE54-9A1E7A4F7556}") = "MCUtils", "..\MCUtils\MCUtils.csproj", "{E12B8D5D-F841-4092-80BC-E0106FF8740D}"
EndProject
Global
	GlobalSection(SolutionConfigurationPlatforms) = preSolution
		Debug|Any CPU = Debug|Any CPU
		Release|Any CPU = Release|Any CPU
	EndGlobalSection
	GlobalSection(ProjectConfigurationPlatforms) = postSolution
		{3C740C15-A473-4A2F-8D44-AE3065FA179D}.Debug|Any CPU.ActiveCfg = Debug|Any CPU
		{3C740C15-A473-4A2F-8D44-AE3065FA179D}.Debug|Any CPU.Build.0 = Debug|Any CPU
		{3C740C15-A473-4A2F-8D44-AE3065FA179D}.Release|Any CPU.ActiveCfg = Release|Any CPU
		{3C740C15-A473-4A2F-8D44-AE3065FA179D}.Release|Any CPU.Build.0 = Release|Any CPU
		{36D6C43F-3823-414D-9AD8-5BAFA4874032}.Debug|Any CPU.ActiveCfg = Debug|Any CPU
		{36D6C43F-3823-414D-9AD8-5BAFA4874032}.Debug|Any CPU.Build.0 = Debug|Any CPU
		{36D6C43F-3823-414D-9AD8-5BAFA4874032}.Release|Any CPU.ActiveCfg = Release|Any CPU
		{36D6C43F-3823-414D-9AD8-5BAFA4874032}.Release|Any CPU.Build.0 = Release|Any CPU
		{E12B8D5D-F841-4092-80BC-E0106FF8740D}.Debug|Any CPU.ActiveCfg = Debug|Any CPU
		{E12B8D5D-F841-4092-80BC-E0106FF8740D}.Debug|Any CPU.Build.0 = Debug|Any CPU
		{E12B8D5D-F841-4092-80BC-E0106FF8740D}.Release|Any CPU.ActiveCfg = Release|Any CPU
		{E12B8D5D-F841-4092-80BC-E0106FF8740D}.Release|Any CPU.Build.0 = Release|Any CPU
	EndGlobalSection
	GlobalSection(SolutionProperties) = preSolution
		HideSolutionNode = FALSE
	EndGlobalSection
	GlobalSection(ExtensibilityGlobals) = postSolution
		SolutionGuid = {E06BE251-BC30-4927-95F3-09A81D1DCCE9}
	EndGlobalSection
EndGlobal
