
Microsoft Visual Studio Solution File, Format Version 12.00
# Visual Studio Version 16
VisualStudioVersion = 16.0.29911.84
MinimumVisualStudioVersion = 10.0.40219.1
Project("{9A19103F-16F7-4668-BE54-9A1E7A4F7556}") = "HMCon", "HMCon\HMCon.csproj", "{3C740C15-A473-4A2F-8D44-AE3065FA179D}"
	ProjectSection(ProjectDependencies) = postProject
		{5188A3B9-2565-4485-8EB5-83F05186DF9B} = {5188A3B9-2565-4485-8EB5-83F05186DF9B}
	EndProjectSection
EndProject
Project("{9A19103F-16F7-4668-BE54-9A1E7A4F7556}") = "HMConMCPlugin", "HMConMCPlugin\HMConMCPlugin.csproj", "{36D6C43F-3823-414D-9AD8-5BAFA4874032}"
	ProjectSection(ProjectDependencies) = postProject
		{5188A3B9-2565-4485-8EB5-83F05186DF9B} = {5188A3B9-2565-4485-8EB5-83F05186DF9B}
	EndProjectSection
EndProject
Project("{9A19103F-16F7-4668-BE54-9A1E7A4F7556}") = "MCUtils", "..\MCUtils\MCUtils.csproj", "{E12B8D5D-F841-4092-80BC-E0106FF8740D}"
EndProject
Project("{9A19103F-16F7-4668-BE54-9A1E7A4F7556}") = "HMConImagePlugin", "HMConImagePlugin\HMConImagePlugin.csproj", "{3C1D45B7-B92C-4C8E-946A-5BA0BA810B95}"
EndProject
Project("{9A19103F-16F7-4668-BE54-9A1E7A4F7556}") = "HMCon3DPlugin", "HMCon3DPlugin\HMCon3DPlugin.csproj", "{D0EB9482-24F4-4C96-9FC9-420202CA0FFA}"
EndProject
Project("{9A19103F-16F7-4668-BE54-9A1E7A4F7556}") = "HMConTests", "HMConTests\HMConTests.csproj", "{5A7CEF41-E3CB-4103-97A3-2046400A0898}"
	ProjectSection(ProjectDependencies) = postProject
		{3C1D45B7-B92C-4C8E-946A-5BA0BA810B95} = {3C1D45B7-B92C-4C8E-946A-5BA0BA810B95}
	EndProjectSection
EndProject
Project("{9A19103F-16F7-4668-BE54-9A1E7A4F7556}") = "HMConConsole", "HMConConsole\HMConConsole.csproj", "{59B96000-04C6-4222-86F3-FB081D049F25}"
EndProject
Project("{2150E333-8FDC-42A3-9474-1A3956D46DE8}") = "Solution Items", "Solution Items", "{0611DF51-C4AA-40A1-B02A-CC039CE24925}"
	ProjectSection(SolutionItems) = preProject
		.editorconfig = .editorconfig
	EndProjectSection
EndProject
Project("{FAE04EC0-301F-11D3-BF4B-00C04F79EFBC}") = "HMConApp", "HMConApp\HMConApp.csproj", "{BCAD3233-2D20-4055-8C92-FF867EEA363B}"
	ProjectSection(ProjectDependencies) = postProject
		{3C740C15-A473-4A2F-8D44-AE3065FA179D} = {3C740C15-A473-4A2F-8D44-AE3065FA179D}
		{36D6C43F-3823-414D-9AD8-5BAFA4874032} = {36D6C43F-3823-414D-9AD8-5BAFA4874032}
		{D0EB9482-24F4-4C96-9FC9-420202CA0FFA} = {D0EB9482-24F4-4C96-9FC9-420202CA0FFA}
		{3C1D45B7-B92C-4C8E-946A-5BA0BA810B95} = {3C1D45B7-B92C-4C8E-946A-5BA0BA810B95}
	EndProjectSection
EndProject
Project("{9A19103F-16F7-4668-BE54-9A1E7A4F7556}") = "NoiseGenerator", "..\NoiseGenerator\NoiseGenerator.csproj", "{5188A3B9-2565-4485-8EB5-83F05186DF9B}"
EndProject
Global
	GlobalSection(SolutionConfigurationPlatforms) = preSolution
		Debug|Any CPU = Debug|Any CPU
		Release|Any CPU = Release|Any CPU
	EndGlobalSection
	GlobalSection(ProjectConfigurationPlatforms) = postSolution
		{3C740C15-A473-4A2F-8D44-AE3065FA179D}.Debug|Any CPU.ActiveCfg = Debug|Any CPU
		{3C740C15-A473-4A2F-8D44-AE3065FA179D}.Debug|Any CPU.Build.0 = Debug|Any CPU
		{3C740C15-A473-4A2F-8D44-AE3065FA179D}.Release|Any CPU.ActiveCfg = Release|Any CPU
		{3C740C15-A473-4A2F-8D44-AE3065FA179D}.Release|Any CPU.Build.0 = Release|Any CPU
		{36D6C43F-3823-414D-9AD8-5BAFA4874032}.Debug|Any CPU.ActiveCfg = Debug|Any CPU
		{36D6C43F-3823-414D-9AD8-5BAFA4874032}.Debug|Any CPU.Build.0 = Debug|Any CPU
		{36D6C43F-3823-414D-9AD8-5BAFA4874032}.Release|Any CPU.ActiveCfg = Release|Any CPU
		{36D6C43F-3823-414D-9AD8-5BAFA4874032}.Release|Any CPU.Build.0 = Release|Any CPU
		{E12B8D5D-F841-4092-80BC-E0106FF8740D}.Debug|Any CPU.ActiveCfg = Debug|Any CPU
		{E12B8D5D-F841-4092-80BC-E0106FF8740D}.Debug|Any CPU.Build.0 = Debug|Any CPU
		{E12B8D5D-F841-4092-80BC-E0106FF8740D}.Release|Any CPU.ActiveCfg = Release|Any CPU
		{E12B8D5D-F841-4092-80BC-E0106FF8740D}.Release|Any CPU.Build.0 = Release|Any CPU
		{3C1D45B7-B92C-4C8E-946A-5BA0BA810B95}.Debug|Any CPU.ActiveCfg = Debug|Any CPU
		{3C1D45B7-B92C-4C8E-946A-5BA0BA810B95}.Debug|Any CPU.Build.0 = Debug|Any CPU
		{3C1D45B7-B92C-4C8E-946A-5BA0BA810B95}.Release|Any CPU.ActiveCfg = Release|Any CPU
		{3C1D45B7-B92C-4C8E-946A-5BA0BA810B95}.Release|Any CPU.Build.0 = Release|Any CPU
		{D0EB9482-24F4-4C96-9FC9-420202CA0FFA}.Debug|Any CPU.ActiveCfg = Debug|Any CPU
		{D0EB9482-24F4-4C96-9FC9-420202CA0FFA}.Debug|Any CPU.Build.0 = Debug|Any CPU
		{D0EB9482-24F4-4C96-9FC9-420202CA0FFA}.Release|Any CPU.ActiveCfg = Release|Any CPU
		{D0EB9482-24F4-4C96-9FC9-420202CA0FFA}.Release|Any CPU.Build.0 = Release|Any CPU
		{5A7CEF41-E3CB-4103-97A3-2046400A0898}.Debug|Any CPU.ActiveCfg = Debug|Any CPU
		{5A7CEF41-E3CB-4103-97A3-2046400A0898}.Debug|Any CPU.Build.0 = Debug|Any CPU
		{5A7CEF41-E3CB-4103-97A3-2046400A0898}.Release|Any CPU.ActiveCfg = Release|Any CPU
		{5A7CEF41-E3CB-4103-97A3-2046400A0898}.Release|Any CPU.Build.0 = Release|Any CPU
		{59B96000-04C6-4222-86F3-FB081D049F25}.Debug|Any CPU.ActiveCfg = Debug|Any CPU
		{59B96000-04C6-4222-86F3-FB081D049F25}.Debug|Any CPU.Build.0 = Debug|Any CPU
		{59B96000-04C6-4222-86F3-FB081D049F25}.Release|Any CPU.ActiveCfg = Release|Any CPU
		{59B96000-04C6-4222-86F3-FB081D049F25}.Release|Any CPU.Build.0 = Release|Any CPU
		{BCAD3233-2D20-4055-8C92-FF867EEA363B}.Debug|Any CPU.ActiveCfg = Debug|Any CPU
		{BCAD3233-2D20-4055-8C92-FF867EEA363B}.Debug|Any CPU.Build.0 = Debug|Any CPU
		{BCAD3233-2D20-4055-8C92-FF867EEA363B}.Release|Any CPU.ActiveCfg = Release|Any CPU
		{BCAD3233-2D20-4055-8C92-FF867EEA363B}.Release|Any CPU.Build.0 = Release|Any CPU
		{5188A3B9-2565-4485-8EB5-83F05186DF9B}.Debug|Any CPU.ActiveCfg = Debug|Any CPU
		{5188A3B9-2565-4485-8EB5-83F05186DF9B}.Debug|Any CPU.Build.0 = Debug|Any CPU
		{5188A3B9-2565-4485-8EB5-83F05186DF9B}.Release|Any CPU.ActiveCfg = Release|Any CPU
		{5188A3B9-2565-4485-8EB5-83F05186DF9B}.Release|Any CPU.Build.0 = Release|Any CPU
	EndGlobalSection
	GlobalSection(SolutionProperties) = preSolution
		HideSolutionNode = FALSE
	EndGlobalSection
	GlobalSection(ExtensibilityGlobals) = postSolution
		SolutionGuid = {E06BE251-BC30-4927-95F3-09A81D1DCCE9}
	EndGlobalSection
EndGlobal
